
Microsoft Visual Studio Solution File, Format Version 12.00
# Visual Studio Version 17
VisualStudioVersion = 17.3.32922.545
MinimumVisualStudioVersion = 10.0.40219.1
Project("{8BC9CEB8-8B4A-11D0-8D11-00A0C91BC942}") = "Arcanoid", "Arcanoid\Arcanoid.vcxproj", "{141ABDD5-70CC-4CB2-9C96-1F6A543221DA}"
EndProject
Global
	GlobalSection(SolutionConfigurationPlatforms) = preSolution
		Debug|x64 = Debug|x64
		Debug|x86 = Debug|x86
		Release|x64 = Release|x64
		Release|x86 = Release|x86
	EndGlobalSection
	GlobalSection(ProjectConfigurationPlatforms) = postSolution
		{141ABDD5-70CC-4CB2-9C96-1F6A543221DA}.Debug|x64.ActiveCfg = Debug|x64
		{141ABDD5-70CC-4CB2-9C96-1F6A543221DA}.Debug|x64.Build.0 = Debug|x64
		{141ABDD5-70CC-4CB2-9C96-1F6A543221DA}.Debug|x86.ActiveCfg = Debug|Win32
		{141ABDD5-70CC-4CB2-9C96-1F6A543221DA}.Debug|x86.Build.0 = Debug|Win32
		{141ABDD5-70CC-4CB2-9C96-1F6A543221DA}.Release|x64.ActiveCfg = Release|x64
		{141ABDD5-70CC-4CB2-9C96-1F6A543221DA}.Release|x64.Build.0 = Release|x64
		{141ABDD5-70CC-4CB2-9C96-1F6A543221DA}.Release|x86.ActiveCfg = Release|Win32
		{141ABDD5-70CC-4CB2-9C96-1F6A543221DA}.Release|x86.Build.0 = Release|Win32
	EndGlobalSection
	GlobalSection(SolutionProperties) = preSolution
		HideSolutionNode = FALSE
	EndGlobalSection
	GlobalSection(ExtensibilityGlobals) = postSolution
		SolutionGuid = {B517640B-FE3A-4010-A91F-A2A2A6CE2A57}
	EndGlobalSection
EndGlobal
